<?xml version="1.0" encoding="utf-8"?>
<Project ToolsVersion="4.0" xmlns="http://schemas.microsoft.com/developer/msbuild/2003">
  <ItemGroup>
    <Filter Include="Main">
      <UniqueIdentifier>{c8fd7c85-bfe8-46b2-bc8d-faca15043428}</UniqueIdentifier>
    </Filter>
    <Filter Include="Res">
      <UniqueIdentifier>{67DA6AB6-F800-4c08-8B7A-83BB121AAD01}</UniqueIdentifier>
      <Extensions>rc;ico;cur;bmp;dlg;rc2;rct;bin;rgs;gif;jpg;jpeg;jpe;resx;tiff;tif;png;wav;mfcribbon-ms</Extensions>
    </Filter>
    <Filter Include="Public">
      <UniqueIdentifier>{8ba7c619-e5b2-46b6-8224-93c16dc8e9a6}</UniqueIdentifier>
    </Filter>
    <Filter Include="Module">
      <UniqueIdentifier>{d415e03b-5e6e-4ae6-983f-0c59eb7bdf37}</UniqueIdentifier>
    </Filter>
    <Filter Include="Module\ServerManage">
      <UniqueIdentifier>{60e3aa9f-7da0-429f-8153-085c9ae5bc45}</UniqueIdentifier>
    </Filter>
    <Filter Include="Module\SignScan">
      <UniqueIdentifier>{0d79480a-2c64-4184-a0da-b34dd772ac19}</UniqueIdentifier>
    </Filter>
  </ItemGroup>
  <ItemGroup>
    <ClCompile Include="Main.cpp">
      <Filter>Main</Filter>
    </ClCompile>
    <ClCompile Include="MainWnd.cpp">
      <Filter>Main</Filter>
    </ClCompile>
    <ClCompile Include="stdafx.cpp">
      <Filter>Main</Filter>
    </ClCompile>
    <ClCompile Include="SignScan.cpp">
      <Filter>Module\SignScan</Filter>
    </ClCompile>
    <ClCompile Include="Public\BrowseDir.cpp">
      <Filter>Public</Filter>
    </ClCompile>
    <ClCompile Include="ServerManage.cpp">
      <Filter>Module\ServerManage</Filter>
    </ClCompile>
  </ItemGroup>
  <ItemGroup>
    <ClInclude Include="MainWnd.h">
      <Filter>Main</Filter>
    </ClInclude>
    <ClInclude Include="stdafx.h">
      <Filter>Main</Filter>
    </ClInclude>
    <ClInclude Include="resource.h">
      <Filter>Main</Filter>
    </ClInclude>
    <ClInclude Include="SignScan.h">
      <Filter>Module\SignScan</Filter>
    </ClInclude>
    <ClInclude Include="Public\BrowseDir.h">
      <Filter>Public</Filter>
    </ClInclude>
    <ClInclude Include="Public\MicrosoftVerify.h">
      <Filter>Public</Filter>
    </ClInclude>
    <ClInclude Include="ServerManage.h">
      <Filter>Module\ServerManage</Filter>
    </ClInclude>
  </ItemGroup>
  <ItemGroup>
    <ResourceCompile Include="Sample4_Tab.rc">
      <Filter>Res</Filter>
    </ResourceCompile>
  </ItemGroup>
</Project>